
Microsoft Visual Studio Solution File, Format Version 12.00
# Visual Studio Version 17
VisualStudioVersion = 17.5.33516.290
MinimumVisualStudioVersion = 10.0.40219.1
Project("{2150E333-8FDC-42A3-9474-1A3956D46DE8}") = "Adapters", "Adapters", "{CD87C051-672B-40D8-872E-F0F0D3A22441}"
EndProject
Project("{2150E333-8FDC-42A3-9474-1A3956D46DE8}") = "Core", "Core", "{D77D8B78-EA27-4210-A6CB-173F91680B5B}"
EndProject
Project("{2150E333-8FDC-42A3-9474-1A3956D46DE8}") = "Tests", "Tests", "{D3A95552-284E-46E7-80A1-FEF4B5E791A3}"
EndProject
Project("{2150E333-8FDC-42A3-9474-1A3956D46DE8}") = "Driven", "Driven", "{0F0BFF99-D628-46C4-B3FF-59E435B0C809}"
EndProject
Project("{2150E333-8FDC-42A3-9474-1A3956D46DE8}") = "Driving", "Driving", "{4ED33967-4803-444D-BCA2-963B79AE3A9A}"
EndProject
Project("{2150E333-8FDC-42A3-9474-1A3956D46DE8}") = "Application", "Application", "{26373457-0BC8-4F86-A67F-68251FB28B8B}"
EndProject
Project("{2150E333-8FDC-42A3-9474-1A3956D46DE8}") = "Domain", "Domain", "{6C3B01F6-BCAE-4DB4-B1BB-D76DD3199613}"
EndProject
Project("{9A19103F-16F7-4668-BE54-9A1E7A4F7556}") = "TesteBasisBook.Application", "Core\Application\TesteBasisBook.Application\TesteBasisBook.Application.csproj", "{3B61AFB1-E551-4719-BAD2-A319C96F39CD}"
EndProject
Project("{9A19103F-16F7-4668-BE54-9A1E7A4F7556}") = "TesteBasisBook.Domain", "Core\Domain\TesteBasisBook.Domain\TesteBasisBook.Domain.csproj", "{40ECE1E7-B1CD-40C9-9918-1F06C977B25E}"
EndProject
Project("{2150E333-8FDC-42A3-9474-1A3956D46DE8}") = "Integrations", "Integrations", "{A5C07DD8-B747-4ED5-83F9-D0DB662B481A}"
EndProject
Project("{2150E333-8FDC-42A3-9474-1A3956D46DE8}") = "Storage", "Storage", "{AA1E1C2D-370D-4E33-9A6D-F14ED15823F7}"
EndProject
Project("{2150E333-8FDC-42A3-9474-1A3956D46DE8}") = "Api", "Api", "{3165979D-D85C-4A03-978F-6317AED445AC}"
EndProject
Project("{9A19103F-16F7-4668-BE54-9A1E7A4F7556}") = "TesteBasisBook.Api", "Adapters\Driving\Api\TesteBasisBook.Api\TesteBasisBook.Api.csproj", "{E0F439D2-0A5D-4304-9B08-CCD0006082A0}"
EndProject
Project("{9A19103F-16F7-4668-BE54-9A1E7A4F7556}") = "TesteBasisBook.PostgreSQL", "Adapters\Driven\Storage\TesteBasisBook.PostgreSQL\TesteBasisBook.PostgreSQL.csproj", "{E66AC46D-08DC-42D4-B1DF-F44564F8A3C1}"
EndProject
Project("{2150E333-8FDC-42A3-9474-1A3956D46DE8}") = "Core", "Core", "{CF268D29-B524-402A-BDB3-2A77F31B4A89}"
EndProject
Project("{2150E333-8FDC-42A3-9474-1A3956D46DE8}") = "Application", "Application", "{1AC9BDD0-ED9E-4E70-B874-393E4D853790}"
EndProject
Project("{9A19103F-16F7-4668-BE54-9A1E7A4F7556}") = "TesteBasisBook.Application.Test", "Tests\Core\Application\TesteBasisBook.Application\TesteBasisBook.Application.Test.csproj", "{B9727C33-B5CD-47DC-9E0E-4BC8D1EC315F}"
EndProject
Project("{2150E333-8FDC-42A3-9474-1A3956D46DE8}") = "Reports", "Reports", "{7AAA4A83-6BA8-4307-AAE1-D7A39BE45341}"
EndProject
Project("{9A19103F-16F7-4668-BE54-9A1E7A4F7556}") = "TesteBasisBook.ReportViewer", "Adapters\Driven\Reports\TesteBasisBook.ReportViewer\TesteBasisBook.ReportViewer.csproj", "{AB0BF18D-8637-4E04-88EA-F78B6BBE98DF}"
EndProject
Project("{2150E333-8FDC-42A3-9474-1A3956D46DE8}") = "AquiViriaAlgumConsumoDeApi", "AquiViriaAlgumConsumoDeApi", "{86C9F709-8FC1-43B9-945B-E5A22AC1A819}"
EndProject
Global
	GlobalSection(SolutionConfigurationPlatforms) = preSolution
		Debug|Any CPU = Debug|Any CPU
		Release|Any CPU = Release|Any CPU
	EndGlobalSection
	GlobalSection(ProjectConfigurationPlatforms) = postSolution
		{3B61AFB1-E551-4719-BAD2-A319C96F39CD}.Debug|Any CPU.ActiveCfg = Debug|Any CPU
		{3B61AFB1-E551-4719-BAD2-A319C96F39CD}.Debug|Any CPU.Build.0 = Debug|Any CPU
		{3B61AFB1-E551-4719-BAD2-A319C96F39CD}.Release|Any CPU.ActiveCfg = Release|Any CPU
		{3B61AFB1-E551-4719-BAD2-A319C96F39CD}.Release|Any CPU.Build.0 = Release|Any CPU
		{40ECE1E7-B1CD-40C9-9918-1F06C977B25E}.Debug|Any CPU.ActiveCfg = Debug|Any CPU
		{40ECE1E7-B1CD-40C9-9918-1F06C977B25E}.Debug|Any CPU.Build.0 = Debug|Any CPU
		{40ECE1E7-B1CD-40C9-9918-1F06C977B25E}.Release|Any CPU.ActiveCfg = Release|Any CPU
		{40ECE1E7-B1CD-40C9-9918-1F06C977B25E}.Release|Any CPU.Build.0 = Release|Any CPU
		{E0F439D2-0A5D-4304-9B08-CCD0006082A0}.Debug|Any CPU.ActiveCfg = Debug|Any CPU
		{E0F439D2-0A5D-4304-9B08-CCD0006082A0}.Debug|Any CPU.Build.0 = Debug|Any CPU
		{E0F439D2-0A5D-4304-9B08-CCD0006082A0}.Release|Any CPU.ActiveCfg = Release|Any CPU
		{E0F439D2-0A5D-4304-9B08-CCD0006082A0}.Release|Any CPU.Build.0 = Release|Any CPU
		{E66AC46D-08DC-42D4-B1DF-F44564F8A3C1}.Debug|Any CPU.ActiveCfg = Debug|Any CPU
		{E66AC46D-08DC-42D4-B1DF-F44564F8A3C1}.Debug|Any CPU.Build.0 = Debug|Any CPU
		{E66AC46D-08DC-42D4-B1DF-F44564F8A3C1}.Release|Any CPU.ActiveCfg = Release|Any CPU
		{E66AC46D-08DC-42D4-B1DF-F44564F8A3C1}.Release|Any CPU.Build.0 = Release|Any CPU
		{B9727C33-B5CD-47DC-9E0E-4BC8D1EC315F}.Debug|Any CPU.ActiveCfg = Debug|Any CPU
		{B9727C33-B5CD-47DC-9E0E-4BC8D1EC315F}.Debug|Any CPU.Build.0 = Debug|Any CPU
		{B9727C33-B5CD-47DC-9E0E-4BC8D1EC315F}.Release|Any CPU.ActiveCfg = Release|Any CPU
		{B9727C33-B5CD-47DC-9E0E-4BC8D1EC315F}.Release|Any CPU.Build.0 = Release|Any CPU
		{AB0BF18D-8637-4E04-88EA-F78B6BBE98DF}.Debug|Any CPU.ActiveCfg = Debug|Any CPU
		{AB0BF18D-8637-4E04-88EA-F78B6BBE98DF}.Debug|Any CPU.Build.0 = Debug|Any CPU
		{AB0BF18D-8637-4E04-88EA-F78B6BBE98DF}.Release|Any CPU.ActiveCfg = Release|Any CPU
		{AB0BF18D-8637-4E04-88EA-F78B6BBE98DF}.Release|Any CPU.Build.0 = Release|Any CPU
	EndGlobalSection
	GlobalSection(SolutionProperties) = preSolution
		HideSolutionNode = FALSE
	EndGlobalSection
	GlobalSection(NestedProjects) = preSolution
		{0F0BFF99-D628-46C4-B3FF-59E435B0C809} = {CD87C051-672B-40D8-872E-F0F0D3A22441}
		{4ED33967-4803-444D-BCA2-963B79AE3A9A} = {CD87C051-672B-40D8-872E-F0F0D3A22441}
		{26373457-0BC8-4F86-A67F-68251FB28B8B} = {D77D8B78-EA27-4210-A6CB-173F91680B5B}
		{6C3B01F6-BCAE-4DB4-B1BB-D76DD3199613} = {D77D8B78-EA27-4210-A6CB-173F91680B5B}
		{3B61AFB1-E551-4719-BAD2-A319C96F39CD} = {26373457-0BC8-4F86-A67F-68251FB28B8B}
		{40ECE1E7-B1CD-40C9-9918-1F06C977B25E} = {6C3B01F6-BCAE-4DB4-B1BB-D76DD3199613}
		{A5C07DD8-B747-4ED5-83F9-D0DB662B481A} = {0F0BFF99-D628-46C4-B3FF-59E435B0C809}
		{AA1E1C2D-370D-4E33-9A6D-F14ED15823F7} = {0F0BFF99-D628-46C4-B3FF-59E435B0C809}
		{3165979D-D85C-4A03-978F-6317AED445AC} = {4ED33967-4803-444D-BCA2-963B79AE3A9A}
		{E0F439D2-0A5D-4304-9B08-CCD0006082A0} = {3165979D-D85C-4A03-978F-6317AED445AC}
		{E66AC46D-08DC-42D4-B1DF-F44564F8A3C1} = {AA1E1C2D-370D-4E33-9A6D-F14ED15823F7}
		{CF268D29-B524-402A-BDB3-2A77F31B4A89} = {D3A95552-284E-46E7-80A1-FEF4B5E791A3}
		{1AC9BDD0-ED9E-4E70-B874-393E4D853790} = {CF268D29-B524-402A-BDB3-2A77F31B4A89}
		{B9727C33-B5CD-47DC-9E0E-4BC8D1EC315F} = {1AC9BDD0-ED9E-4E70-B874-393E4D853790}
		{7AAA4A83-6BA8-4307-AAE1-D7A39BE45341} = {0F0BFF99-D628-46C4-B3FF-59E435B0C809}
		{AB0BF18D-8637-4E04-88EA-F78B6BBE98DF} = {7AAA4A83-6BA8-4307-AAE1-D7A39BE45341}
		{86C9F709-8FC1-43B9-945B-E5A22AC1A819} = {A5C07DD8-B747-4ED5-83F9-D0DB662B481A}
	EndGlobalSection
	GlobalSection(ExtensibilityGlobals) = postSolution
		SolutionGuid = {6FC73A1A-BF98-46EE-A388-C0FD2B3B8412}
	EndGlobalSection
EndGlobal
